
Microsoft Visual Studio Solution File, Format Version 12.00
# Visual Studio Version 17
VisualStudioVersion = 17.9.34723.18
MinimumVisualStudioVersion = 10.0.40219.1
Project("{9A19103F-16F7-4668-BE54-9A1E7A4F7556}") = "CegautokAP", "CegautokAP.csproj", "{14C288A8-6090-45F7-BEE4-12B47C9011DE}"
EndProject
Global
	GlobalSection(SolutionConfigurationPlatforms) = preSolution
		Debug|Any CPU = Debug|Any CPU
		Release|Any CPU = Release|Any CPU
	EndGlobalSection
	GlobalSection(ProjectConfigurationPlatforms) = postSolution
		{14C288A8-6090-45F7-BEE4-12B47C9011DE}.Debug|Any CPU.ActiveCfg = Debug|Any CPU
		{14C288A8-6090-45F7-BEE4-12B47C9011DE}.Debug|Any CPU.Build.0 = Debug|Any CPU
		{14C288A8-6090-45F7-BEE4-12B47C9011DE}.Release|Any CPU.ActiveCfg = Release|Any CPU
		{14C288A8-6090-45F7-BEE4-12B47C9011DE}.Release|Any CPU.Build.0 = Release|Any CPU
	EndGlobalSection
	GlobalSection(SolutionProperties) = preSolution
		HideSolutionNode = FALSE
	EndGlobalSection
	GlobalSection(ExtensibilityGlobals) = postSolution
		SolutionGuid = {F7C75C72-D390-4C74-99FA-026B8AEADBA8}
	EndGlobalSection
EndGlobal
